
Microsoft Visual Studio Solution File, Format Version 12.00
# Visual Studio Version 17
VisualStudioVersion = 17.9.34701.34
MinimumVisualStudioVersion = 10.0.40219.1
Project("{FAE04EC0-301F-11D3-BF4B-00C04F79EFBC}") = "Projecto_TS", "Projecto_TS\Projecto_TS.csproj", "{DFD90B40-8093-47E0-B1A7-571762A5F48F}"
EndProject
Project("{FAE04EC0-301F-11D3-BF4B-00C04F79EFBC}") = "Server", "Server\Server.csproj", "{AB047BA1-0C80-4995-872C-9F614D23FE9A}"
EndProject
Global
	GlobalSection(SolutionConfigurationPlatforms) = preSolution
		Debug|Any CPU = Debug|Any CPU
		Release|Any CPU = Release|Any CPU
	EndGlobalSection
	GlobalSection(ProjectConfigurationPlatforms) = postSolution
		{DFD90B40-8093-47E0-B1A7-571762A5F48F}.Debug|Any CPU.ActiveCfg = Debug|Any CPU
		{DFD90B40-8093-47E0-B1A7-571762A5F48F}.Debug|Any CPU.Build.0 = Debug|Any CPU
		{DFD90B40-8093-47E0-B1A7-571762A5F48F}.Release|Any CPU.ActiveCfg = Release|Any CPU
		{DFD90B40-8093-47E0-B1A7-571762A5F48F}.Release|Any CPU.Build.0 = Release|Any CPU
		{AB047BA1-0C80-4995-872C-9F614D23FE9A}.Debug|Any CPU.ActiveCfg = Debug|Any CPU
		{AB047BA1-0C80-4995-872C-9F614D23FE9A}.Debug|Any CPU.Build.0 = Debug|Any CPU
		{AB047BA1-0C80-4995-872C-9F614D23FE9A}.Release|Any CPU.ActiveCfg = Release|Any CPU
		{AB047BA1-0C80-4995-872C-9F614D23FE9A}.Release|Any CPU.Build.0 = Release|Any CPU
	EndGlobalSection
	GlobalSection(SolutionProperties) = preSolution
		HideSolutionNode = FALSE
	EndGlobalSection
	GlobalSection(ExtensibilityGlobals) = postSolution
		SolutionGuid = {F167395A-08C9-44DC-9A36-787B3CAAD12C}
	EndGlobalSection
EndGlobal
